// !$*UTF8*$!
{
	archiveVersion = 1;
	classes = {
	};
	objectVersion = 46;
	objects = {

/* Begin PBXBuildFile section */
		915036081E52E99400A99678 /* main.m in Sources */ = {isa = PBXBuildFile; fileRef = 915036071E52E99400A99678 /* main.m */; };
		9150360B1E52E99400A99678 /* AppDelegate.m in Sources */ = {isa = PBXBuildFile; fileRef = 9150360A1E52E99400A99678 /* AppDelegate.m */; };
		9150360E1E52E99400A99678 /* ViewController.m in Sources */ = {isa = PBXBuildFile; fileRef = 9150360D1E52E99400A99678 /* ViewController.m */; };
		915036111E52E99400A99678 /* Main.storyboard in Resources */ = {isa = PBXBuildFile; fileRef = 9150360F1E52E99400A99678 /* Main.storyboard */; };
		915036131E52E99400A99678 /* Assets.xcassets in Resources */ = {isa = PBXBuildFile; fileRef = 915036121E52E99400A99678 /* Assets.xcassets */; };
		915036161E52E99400A99678 /* LaunchScreen.storyboard in Resources */ = {isa = PBXBuildFile; fileRef = 915036141E52E99400A99678 /* LaunchScreen.storyboard */; };
		915036211E52E99400A99678 /* LZRecordButtonUITests.m in Sources */ = {isa = PBXBuildFile; fileRef = 915036201E52E99400A99678 /* LZRecordButtonUITests.m */; };
		915036301E53237700A99678 /* FirstViewController.m in Sources */ = {isa = PBXBuildFile; fileRef = 9150362F1E53237700A99678 /* FirstViewController.m */; };
		915036411E53F53000A99678 /* LZRecordButton.m in Sources */ = {isa = PBXBuildFile; fileRef = 915036401E53F53000A99678 /* LZRecordButton.m */; };
/* End PBXBuildFile section */

/* Begin PBXContainerItemProxy section */
		9150361D1E52E99400A99678 /* PBXContainerItemProxy */ = {
			isa = PBXContainerItemProxy;
			containerPortal = 915035FB1E52E99400A99678 /* Project object */;
			proxyType = 1;
			remoteGlobalIDString = 915036021E52E99400A99678;
			remoteInfo = LZRecordButton;
		};
/* End PBXContainerItemProxy section */

/* Begin PBXFileReference section */
		915036031E52E99400A99678 /* LZRecordButton.app */ = {isa = PBXFileReference; explicitFileType = wrapper.application; includeInIndex = 0; path = LZRecordButton.app; sourceTree = BUILT_PRODUCTS_DIR; };
		915036071E52E99400A99678 /* main.m */ = {isa = PBXFileReference; lastKnownFileType = sourcecode.c.objc; path = main.m; sourceTree = "<group>"; };
		915036091E52E99400A99678 /* AppDelegate.h */ = {isa = PBXFileReference; lastKnownFileType = sourcecode.c.h; path = AppDelegate.h; sourceTree = "<group>"; };
		9150360A1E52E99400A99678 /* AppDelegate.m */ = {isa = PBXFileReference; lastKnownFileType = sourcecode.c.objc; path = AppDelegate.m; sourceTree = "<group>"; };
		9150360C1E52E99400A99678 /* ViewController.h */ = {isa = PBXFileReference; lastKnownFileType = sourcecode.c.h; path = ViewController.h; sourceTree = "<group>"; };
		9150360D1E52E99400A99678 /* ViewController.m */ = {isa = PBXFileReference; lastKnownFileType = sourcecode.c.objc; path = ViewController.m; sourceTree = "<group>"; };
		915036101E52E99400A99678 /* Base */ = {isa = PBXFileReference; lastKnownFileType = file.storyboard; name = Base; path = Base.lproj/Main.storyboard; sourceTree = "<group>"; };
		915036121E52E99400A99678 /* Assets.xcassets */ = {isa = PBXFileReference; lastKnownFileType = folder.assetcatalog; path = Assets.xcassets; sourceTree = "<group>"; };
		915036151E52E99400A99678 /* Base */ = {isa = PBXFileReference; lastKnownFileType = file.storyboard; name = Base; path = Base.lproj/LaunchScreen.storyboard; sourceTree = "<group>"; };
		915036171E52E99400A99678 /* Info.plist */ = {isa = PBXFileReference; lastKnownFileType = text.plist.xml; path = Info.plist; sourceTree = "<group>"; };
		9150361C1E52E99400A99678 /* LZRecordButtonUITests.xctest */ = {isa = PBXFileReference; explicitFileType = wrapper.cfbundle; includeInIndex = 0; path = LZRecordButtonUITests.xctest; sourceTree = BUILT_PRODUCTS_DIR; };
		915036201E52E99400A99678 /* LZRecordButtonUITests.m */ = {isa = PBXFileReference; lastKnownFileType = sourcecode.c.objc; path = LZRecordButtonUITests.m; sourceTree = "<group>"; };
		915036221E52E99400A99678 /* Info.plist */ = {isa = PBXFileReference; lastKnownFileType = text.plist.xml; path = Info.plist; sourceTree = "<group>"; };
		9150362E1E53237700A99678 /* FirstViewController.h */ = {isa = PBXFileReference; fileEncoding = 4; lastKnownFileType = sourcecode.c.h; path = FirstViewController.h; sourceTree = "<group>"; };
		9150362F1E53237700A99678 /* FirstViewController.m */ = {isa = PBXFileReference; fileEncoding = 4; lastKnownFileType = sourcecode.c.objc; path = FirstViewController.m; sourceTree = "<group>"; };
		9150363F1E53F53000A99678 /* LZRecordButton.h */ = {isa = PBXFileReference; fileEncoding = 4; lastKnownFileType = sourcecode.c.h; path = LZRecordButton.h; sourceTree = "<group>"; };
		915036401E53F53000A99678 /* LZRecordButton.m */ = {isa = PBXFileReference; fileEncoding = 4; lastKnownFileType = sourcecode.c.objc; path = LZRecordButton.m; sourceTree = "<group>"; };
/* End PBXFileReference section */

/* Begin PBXFrameworksBuildPhase section */
		915036001E52E99400A99678 /* Frameworks */ = {
			isa = PBXFrameworksBuildPhase;
			buildActionMask = 2147483647;
			files = (
			);
			runOnlyForDeploymentPostprocessing = 0;
		};
		915036191E52E99400A99678 /* Frameworks */ = {
			isa = PBXFrameworksBuildPhase;
			buildActionMask = 2147483647;
			files = (
			);
			runOnlyForDeploymentPostprocessing = 0;
		};
/* End PBXFrameworksBuildPhase section */

/* Begin PBXGroup section */
		915035FA1E52E99400A99678 = {
			isa = PBXGroup;
			children = (
				915036051E52E99400A99678 /* LZRecordButton */,
				9150361F1E52E99400A99678 /* LZRecordButtonUITests */,
				915036041E52E99400A99678 /* Products */,
			);
			sourceTree = "<group>";
		};
		915036041E52E99400A99678 /* Products */ = {
			isa = PBXGroup;
			children = (
				915036031E52E99400A99678 /* LZRecordButton.app */,
				9150361C1E52E99400A99678 /* LZRecordButtonUITests.xctest */,
			);
			name = Products;
			sourceTree = "<group>";
		};
		915036051E52E99400A99678 /* LZRecordButton */ = {
			isa = PBXGroup;
			children = (
				9150363E1E53F53000A99678 /* LZRecordButton */,
				915036091E52E99400A99678 /* AppDelegate.h */,
				9150360A1E52E99400A99678 /* AppDelegate.m */,
				9150360C1E52E99400A99678 /* ViewController.h */,
				9150360D1E52E99400A99678 /* ViewController.m */,
				9150362E1E53237700A99678 /* FirstViewController.h */,
				9150362F1E53237700A99678 /* FirstViewController.m */,
				9150360F1E52E99400A99678 /* Main.storyboard */,
				915036121E52E99400A99678 /* Assets.xcassets */,
				915036141E52E99400A99678 /* LaunchScreen.storyboard */,
				915036171E52E99400A99678 /* Info.plist */,
				915036061E52E99400A99678 /* Supporting Files */,
			);
			path = LZRecordButton;
			sourceTree = "<group>";
		};
		915036061E52E99400A99678 /* Supporting Files */ = {
			isa = PBXGroup;
			children = (
				915036071E52E99400A99678 /* main.m */,
			);
			name = "Supporting Files";
			sourceTree = "<group>";
		};
		9150361F1E52E99400A99678 /* LZRecordButtonUITests */ = {
			isa = PBXGroup;
			children = (
				915036201E52E99400A99678 /* LZRecordButtonUITests.m */,
				915036221E52E99400A99678 /* Info.plist */,
			);
			path = LZRecordButtonUITests;
			sourceTree = "<group>";
		};
		9150363E1E53F53000A99678 /* LZRecordButton */ = {
			isa = PBXGroup;
			children = (
				9150363F1E53F53000A99678 /* LZRecordButton.h */,
				915036401E53F53000A99678 /* LZRecordButton.m */,
			);
			path = LZRecordButton;
			sourceTree = "<group>";
		};
/* End PBXGroup section */

/* Begin PBXNativeTarget section */
		915036021E52E99400A99678 /* LZRecordButton */ = {
			isa = PBXNativeTarget;
			buildConfigurationList = 915036251E52E99400A99678 /* Build configuration list for PBXNativeTarget "LZRecordButton" */;
			buildPhases = (
				915035FF1E52E99400A99678 /* Sources */,
				915036001E52E99400A99678 /* Frameworks */,
				915036011E52E99400A99678 /* Resources */,
			);
			buildRules = (
			);
			dependencies = (
			);
			name = LZRecordButton;
			productName = LZRecordButton;
			productReference = 915036031E52E99400A99678 /* LZRecordButton.app */;
			productType = "com.apple.product-type.application";
		};
		9150361B1E52E99400A99678 /* LZRecordButtonUITests */ = {
			isa = PBXNativeTarget;
			buildConfigurationList = 915036281E52E99400A99678 /* Build configuration list for PBXNativeTarget "LZRecordButtonUITests" */;
			buildPhases = (
				915036181E52E99400A99678 /* Sources */,
				915036191E52E99400A99678 /* Frameworks */,
				9150361A1E52E99400A99678 /* Resources */,
			);
			buildRules = (
			);
			dependencies = (
				9150361E1E52E99400A99678 /* PBXTargetDependency */,
			);
			name = LZRecordButtonUITests;
			productName = LZRecordButtonUITests;
			productReference = 9150361C1E52E99400A99678 /* LZRecordButtonUITests.xctest */;
			productType = "com.apple.product-type.bundle.ui-testing";
		};
/* End PBXNativeTarget section */

/* Begin PBXProject section */
		915035FB1E52E99400A99678 /* Project object */ = {
			isa = PBXProject;
			attributes = {
				LastUpgradeCheck = 0820;
				ORGANIZATIONNAME = Artup;
				TargetAttributes = {
					915036021E52E99400A99678 = {
						CreatedOnToolsVersion = 8.2;
						DevelopmentTeam = 29BN9F9KNE;
						ProvisioningStyle = Automatic;
					};
					9150361B1E52E99400A99678 = {
						CreatedOnToolsVersion = 8.2;
						ProvisioningStyle = Automatic;
						TestTargetID = 915036021E52E99400A99678;
					};
				};
			};
			buildConfigurationList = 915035FE1E52E99400A99678 /* Build configuration list for PBXProject "LZRecordButton" */;
			compatibilityVersion = "Xcode 3.2";
			developmentRegion = English;
			hasScannedForEncodings = 0;
			knownRegions = (
				en,
				Base,
			);
			mainGroup = 915035FA1E52E99400A99678;
			productRefGroup = 915036041E52E99400A99678 /* Products */;
			projectDirPath = "";
			projectRoot = "";
			targets = (
				915036021E52E99400A99678 /* LZRecordButton */,
				9150361B1E52E99400A99678 /* LZRecordButtonUITests */,
			);
		};
/* End PBXProject section */

/* Begin PBXResourcesBuildPhase section */
		915036011E52E99400A99678 /* Resources */ = {
			isa = PBXResourcesBuildPhase;
			buildActionMask = 2147483647;
			files = (
				915036161E52E99400A99678 /* LaunchScreen.storyboard in Resources */,
				915036131E52E99400A99678 /* Assets.xcassets in Resources */,
				915036111E52E99400A99678 /* Main.storyboard in Resources */,
			);
			runOnlyForDeploymentPostprocessing = 0;
		};
		9150361A1E52E99400A99678 /* Resources */ = {
			isa = PBXResourcesBuildPhase;
			buildActionMask = 2147483647;
			files = (
			);
			runOnlyForDeploymentPostprocessing = 0;
		};
/* End PBXResourcesBuildPhase section */

/* Begin PBXSourcesBuildPhase section */
		915035FF1E52E99400A99678 /* Sources */ = {
			isa = PBXSourcesBuildPhase;
			buildActionMask = 2147483647;
			files = (
				915036411E53F53000A99678 /* LZRecordButton.m in Sources */,
				9150360E1E52E99400A99678 /* ViewController.m in Sources */,
				915036301E53237700A99678 /* FirstViewController.m in Sources */,
				9150360B1E52E99400A99678 /* AppDelegate.m in Sources */,
				915036081E52E99400A99678 /* main.m in Sources */,
			);
			runOnlyForDeploymentPostprocessing = 0;
		};
		915036181E52E99400A99678 /* Sources */ = {
			isa = PBXSourcesBuildPhase;
			buildActionMask = 2147483647;
			files = (
				915036211E52E99400A99678 /* LZRecordButtonUITests.m in Sources */,
			);
			runOnlyForDeploymentPostprocessing = 0;
		};
/* End PBXSourcesBuildPhase section */

/* Begin PBXTargetDependency section */
		9150361E1E52E99400A99678 /* PBXTargetDependency */ = {
			isa = PBXTargetDependency;
			target = 915036021E52E99400A99678 /* LZRecordButton */;
			targetProxy = 9150361D1E52E99400A99678 /* PBXContainerItemProxy */;
		};
/* End PBXTargetDependency section */

/* Begin PBXVariantGroup section */
		9150360F1E52E99400A99678 /* Main.storyboard */ = {
			isa = PBXVariantGroup;
			children = (
				915036101E52E99400A99678 /* Base */,
			);
			name = Main.storyboard;
			sourceTree = "<group>";
		};
		915036141E52E99400A99678 /* LaunchScreen.storyboard */ = {
			isa = PBXVariantGroup;
			children = (
				915036151E52E99400A99678 /* Base */,
			);
			name = LaunchScreen.storyboard;
			sourceTree = "<group>";
		};
/* End PBXVariantGroup section */

/* Begin XCBuildConfiguration section */
		915036231E52E99400A99678 /* Debug */ = {
			isa = XCBuildConfiguration;
			buildSettings = {
				ALWAYS_SEARCH_USER_PATHS = NO;
				CLANG_ANALYZER_NONNULL = YES;
				CLANG_CXX_LANGUAGE_STANDARD = "gnu++0x";
				CLANG_CXX_LIBRARY = "libc++";
				CLANG_ENABLE_MODULES = YES;
				CLANG_ENABLE_OBJC_ARC = YES;
				CLANG_WARN_BOOL_CONVERSION = YES;
				CLANG_WARN_CONSTANT_CONVERSION = YES;
				CLANG_WARN_DIRECT_OBJC_ISA_USAGE = YES_ERROR;
				CLANG_WARN_DOCUMENTATION_COMMENTS = YES;
				CLANG_WARN_EMPTY_BODY = YES;
				CLANG_WARN_ENUM_CONVERSION = YES;
				CLANG_WARN_INFINITE_RECURSION = YES;
				CLANG_WARN_INT_CONVERSION = YES;
				CLANG_WARN_OBJC_ROOT_CLASS = YES_ERROR;
				CLANG_WARN_SUSPICIOUS_MOVE = YES;
				CLANG_WARN_UNREACHABLE_CODE = YES;
				CLANG_WARN__DUPLICATE_METHOD_MATCH = YES;
				"CODE_SIGN_IDENTITY[sdk=iphoneos*]" = "iPhone Developer";
				COPY_PHASE_STRIP = NO;
				DEBUG_INFORMATION_FORMAT = dwarf;
				ENABLE_STRICT_OBJC_MSGSEND = YES;
				ENABLE_TESTABILITY = YES;
				GCC_C_LANGUAGE_STANDARD = gnu99;
				GCC_DYNAMIC_NO_PIC = NO;
				GCC_NO_COMMON_BLOCKS = YES;
				GCC_OPTIMIZATION_LEVEL = 0;
				GCC_PREPROCESSOR_DEFINITIONS = (
					"DEBUG=1",
					"$(inherited)",
				);
				GCC_WARN_64_TO_32_BIT_CONVERSION = YES;
				GCC_WARN_ABOUT_RETURN_TYPE = YES_ERROR;
				GCC_WARN_UNDECLARED_SELECTOR = YES;
				GCC_WARN_UNINITIALIZED_AUTOS = YES_AGGRESSIVE;
				GCC_WARN_UNUSED_FUNCTION = YES;
				GCC_WARN_UNUSED_VARIABLE = YES;
				IPHONEOS_DEPLOYMENT_TARGET = 10.2;
				MTL_ENABLE_DEBUG_INFO = YES;
				ONLY_ACTIVE_ARCH = YES;
				SDKROOT = iphoneos;
				TARGETED_DEVICE_FAMILY = "1,2";
			};
			name = Debug;
		};
		915036241E52E99400A99678 /* Release */ = {
			isa = XCBuildConfiguration;
			buildSettings = {
				ALWAYS_SEARCH_USER_PATHS = NO;
				CLANG_ANALYZER_NONNULL = YES;
				CLANG_CXX_LANGUAGE_STANDARD = "gnu++0x";
				CLANG_CXX_LIBRARY = "libc++";
				CLANG_ENABLE_MODULES = YES;
				CLANG_ENABLE_OBJC_ARC = YES;
				CLANG_WARN_BOOL_CONVERSION = YES;
				CLANG_WARN_CONSTANT_CONVERSION = YES;
				CLANG_WARN_DIRECT_OBJC_ISA_USAGE = YES_ERROR;
				CLANG_WARN_DOCUMENTATION_COMMENTS = YES;
				CLANG_WARN_EMPTY_BODY = YES;
				CLANG_WARN_ENUM_CONVERSION = YES;
				CLANG_WARN_INFINITE_RECURSION = YES;
				CLANG_WARN_INT_CONVERSION = YES;
				CLANG_WARN_OBJC_ROOT_CLASS = YES_ERROR;
				CLANG_WARN_SUSPICIOUS_MOVE = YES;
				CLANG_WARN_UNREACHABLE_CODE = YES;
				CLANG_WARN__DUPLICATE_METHOD_MATCH = YES;
				"CODE_SIGN_IDENTITY[sdk=iphoneos*]" = "iPhone Developer";
				COPY_PHASE_STRIP = NO;
				DEBUG_INFORMATION_FORMAT = "dwarf-with-dsym";
				ENABLE_NS_ASSERTIONS = NO;
				ENABLE_STRICT_OBJC_MSGSEND = YES;
				GCC_C_LANGUAGE_STANDARD = gnu99;
				GCC_NO_COMMON_BLOCKS = YES;
				GCC_WARN_64_TO_32_BIT_CONVERSION = YES;
				GCC_WARN_ABOUT_RETURN_TYPE = YES_ERROR;
				GCC_WARN_UNDECLARED_SELECTOR = YES;
				GCC_WARN_UNINITIALIZED_AUTOS = YES_AGGRESSIVE;
				GCC_WARN_UNUSED_FUNCTION = YES;
				GCC_WARN_UNUSED_VARIABLE = YES;
				IPHONEOS_DEPLOYMENT_TARGET = 10.2;
				MTL_ENABLE_DEBUG_INFO = NO;
				SDKROOT = iphoneos;
				TARGETED_DEVICE_FAMILY = "1,2";
				VALIDATE_PRODUCT = YES;
			};
			name = Release;
		};
		915036261E52E99400A99678 /* Debug */ = {
			isa = XCBuildConfiguration;
			buildSettings = {
				ASSETCATALOG_COMPILER_APPICON_NAME = AppIcon;
				DEVELOPMENT_TEAM = 29BN9F9KNE;
				INFOPLIST_FILE = LZRecordButton/Info.plist;
				LD_RUNPATH_SEARCH_PATHS = "$(inherited) @executable_path/Frameworks";
				PRODUCT_BUNDLE_IDENTIFIER = com.artron.LZRecordButton;
				PRODUCT_NAME = "$(TARGET_NAME)";
			};
			name = Debug;
		};
		915036271E52E99400A99678 /* Release */ = {
			isa = XCBuildConfiguration;
			buildSettings = {
				ASSETCATALOG_COMPILER_APPICON_NAME = AppIcon;
				DEVELOPMENT_TEAM = 29BN9F9KNE;
				INFOPLIST_FILE = LZRecordButton/Info.plist;
				LD_RUNPATH_SEARCH_PATHS = "$(inherited) @executable_path/Frameworks";
				PRODUCT_BUNDLE_IDENTIFIER = com.artron.LZRecordButton;
				PRODUCT_NAME = "$(TARGET_NAME)";
			};
			name = Release;
		};
		915036291E52E99400A99678 /* Debug */ = {
			isa = XCBuildConfiguration;
			buildSettings = {
				INFOPLIST_FILE = LZRecordButtonUITests/Info.plist;
				LD_RUNPATH_SEARCH_PATHS = "$(inherited) @executable_path/Frameworks @loader_path/Frameworks";
				PRODUCT_BUNDLE_IDENTIFIER = com.artron.LZRecordButtonUITests;
				PRODUCT_NAME = "$(TARGET_NAME)";
				TEST_TARGET_NAME = LZRecordButton;
			};
			name = Debug;
		};
		9150362A1E52E99400A99678 /* Release */ = {
			isa = XCBuildConfiguration;
			buildSettings = {
				INFOPLIST_FILE = LZRecordButtonUITests/Info.plist;
				LD_RUNPATH_SEARCH_PATHS = "$(inherited) @executable_path/Frameworks @loader_path/Frameworks";
				PRODUCT_BUNDLE_IDENTIFIER = com.artron.LZRecordButtonUITests;
				PRODUCT_NAME = "$(TARGET_NAME)";
				TEST_TARGET_NAME = LZRecordButton;
			};
			name = Release;
		};
/* End XCBuildConfiguration section */

/* Begin XCConfigurationList section */
		915035FE1E52E99400A99678 /* Build configuration list for PBXProject "LZRecordButton" */ = {
			isa = XCConfigurationList;
			buildConfigurations = (
				915036231E52E99400A99678 /* Debug */,
				915036241E52E99400A99678 /* Release */,
			);
			defaultConfigurationIsVisible = 0;
			defaultConfigurationName = Release;
		};
		915036251E52E99400A99678 /* Build configuration list for PBXNativeTarget "LZRecordButton" */ = {
			isa = XCConfigurationList;
			buildConfigurations = (
				915036261E52E99400A99678 /* Debug */,
				915036271E52E99400A99678 /* Release */,
			);
			defaultConfigurationIsVisible = 0;
			defaultConfigurationName = Release;
		};
		915036281E52E99400A99678 /* Build configuration list for PBXNativeTarget "LZRecordButtonUITests" */ = {
			isa = XCConfigurationList;
			buildConfigurations = (
				915036291E52E99400A99678 /* Debug */,
				9150362A1E52E99400A99678 /* Release */,
			);
			defaultConfigurationIsVisible = 0;
			defaultConfigurationName = Release;
		};
/* End XCConfigurationList section */
	};
	rootObject = 915035FB1E52E99400A99678 /* Project object */;
}
